// !$*UTF8*$!
{
	archiveVersion = 1;
	classes = {
	};
	objectVersion = 46;
	objects = {

/* Begin PBXBuildFile section */
		FE99DF0B1ECB1F3400E8CA90 /* Preset.swift in Sources */ = {isa = PBXBuildFile; fileRef = FE99DF0A1ECB1F3400E8CA90 /* Preset.swift */; };
		FE99DF0D1ECB1F7700E8CA90 /* Threshold.swift in Sources */ = {isa = PBXBuildFile; fileRef = FE99DF0C1ECB1F7700E8CA90 /* Threshold.swift */; };
		FE99DF0F1ECB1FB700E8CA90 /* Configuration.swift in Sources */ = {isa = PBXBuildFile; fileRef = FE99DF0E1ECB1FB700E8CA90 /* Configuration.swift */; };
		FE99DF111ECB1FE000E8CA90 /* RTBundle.swift in Sources */ = {isa = PBXBuildFile; fileRef = FE99DF101ECB1FE000E8CA90 /* RTBundle.swift */; };
		FE99DF131ECB206F00E8CA90 /* Representation.swift in Sources */ = {isa = PBXBuildFile; fileRef = FE99DF121ECB206F00E8CA90 /* Representation.swift */; };
		FEF8E0C71ECAA8B700422D73 /* Sources.h in Headers */ = {isa = PBXBuildFile; fileRef = FEF8E0C51ECAA8B700422D73 /* Sources.h */; settings = {ATTRIBUTES = (Public, ); }; };
		FEF8E0D41ECAA8CB00422D73 /* RelativeTime.framework in Frameworks */ = {isa = PBXBuildFile; fileRef = FEF8E0C21ECAA8B700422D73 /* RelativeTime.framework */; };
		FEF8E0DE1ECAA9EE00422D73 /* RelativeTimeTests.swift in Sources */ = {isa = PBXBuildFile; fileRef = FEF8E0DD1ECAA9EE00422D73 /* RelativeTimeTests.swift */; };
		FEF8E0E71ECAADBD00422D73 /* DateExtensionTests.swift in Sources */ = {isa = PBXBuildFile; fileRef = FEF8E0E51ECAAD7700422D73 /* DateExtensionTests.swift */; };
		FEF8E0EE1ECAAFA400422D73 /* Date.extension.swift in Sources */ = {isa = PBXBuildFile; fileRef = FEF8E0EB1ECAAFA400422D73 /* Date.extension.swift */; };
		FEF8E0EF1ECAAFA400422D73 /* Extension.swift in Sources */ = {isa = PBXBuildFile; fileRef = FEF8E0EC1ECAAFA400422D73 /* Extension.swift */; };
		FEF8E0F01ECAAFA400422D73 /* RelativeTime.swift in Sources */ = {isa = PBXBuildFile; fileRef = FEF8E0ED1ECAAFA400422D73 /* RelativeTime.swift */; };
		FEF8E0F41ECAB54700422D73 /* Localizable.strings in Resources */ = {isa = PBXBuildFile; fileRef = FEF8E0F61ECAB54700422D73 /* Localizable.strings */; };
/* End PBXBuildFile section */

/* Begin PBXContainerItemProxy section */
		FEF8E0D51ECAA8CB00422D73 /* PBXContainerItemProxy */ = {
			isa = PBXContainerItemProxy;
			containerPortal = FEF8E0B71ECAA88300422D73 /* Project object */;
			proxyType = 1;
			remoteGlobalIDString = FEF8E0C11ECAA8B700422D73;
			remoteInfo = Sources;
		};
/* End PBXContainerItemProxy section */

/* Begin PBXFileReference section */
		FE99DF0A1ECB1F3400E8CA90 /* Preset.swift */ = {isa = PBXFileReference; fileEncoding = 4; lastKnownFileType = sourcecode.swift; path = Preset.swift; sourceTree = "<group>"; };
		FE99DF0C1ECB1F7700E8CA90 /* Threshold.swift */ = {isa = PBXFileReference; fileEncoding = 4; lastKnownFileType = sourcecode.swift; path = Threshold.swift; sourceTree = "<group>"; };
		FE99DF0E1ECB1FB700E8CA90 /* Configuration.swift */ = {isa = PBXFileReference; fileEncoding = 4; lastKnownFileType = sourcecode.swift; path = Configuration.swift; sourceTree = "<group>"; };
		FE99DF101ECB1FE000E8CA90 /* RTBundle.swift */ = {isa = PBXFileReference; fileEncoding = 4; lastKnownFileType = sourcecode.swift; path = RTBundle.swift; sourceTree = "<group>"; };
		FE99DF121ECB206F00E8CA90 /* Representation.swift */ = {isa = PBXFileReference; fileEncoding = 4; lastKnownFileType = sourcecode.swift; path = Representation.swift; sourceTree = "<group>"; };
		FEF8E0C21ECAA8B700422D73 /* RelativeTime.framework */ = {isa = PBXFileReference; explicitFileType = wrapper.framework; includeInIndex = 0; path = RelativeTime.framework; sourceTree = BUILT_PRODUCTS_DIR; };
		FEF8E0C51ECAA8B700422D73 /* Sources.h */ = {isa = PBXFileReference; lastKnownFileType = sourcecode.c.h; path = Sources.h; sourceTree = "<group>"; };
		FEF8E0C61ECAA8B700422D73 /* Info.plist */ = {isa = PBXFileReference; lastKnownFileType = text.plist.xml; path = Info.plist; sourceTree = "<group>"; };
		FEF8E0CF1ECAA8CB00422D73 /* Tests.xctest */ = {isa = PBXFileReference; explicitFileType = wrapper.cfbundle; includeInIndex = 0; path = Tests.xctest; sourceTree = BUILT_PRODUCTS_DIR; };
		FEF8E0D31ECAA8CB00422D73 /* Info.plist */ = {isa = PBXFileReference; lastKnownFileType = text.plist.xml; path = Info.plist; sourceTree = "<group>"; };
		FEF8E0DD1ECAA9EE00422D73 /* RelativeTimeTests.swift */ = {isa = PBXFileReference; fileEncoding = 4; lastKnownFileType = sourcecode.swift; path = RelativeTimeTests.swift; sourceTree = "<group>"; };
		FEF8E0E51ECAAD7700422D73 /* DateExtensionTests.swift */ = {isa = PBXFileReference; fileEncoding = 4; lastKnownFileType = sourcecode.swift; path = DateExtensionTests.swift; sourceTree = "<group>"; };
		FEF8E0EB1ECAAFA400422D73 /* Date.extension.swift */ = {isa = PBXFileReference; fileEncoding = 4; lastKnownFileType = sourcecode.swift; path = Date.extension.swift; sourceTree = "<group>"; };
		FEF8E0EC1ECAAFA400422D73 /* Extension.swift */ = {isa = PBXFileReference; fileEncoding = 4; lastKnownFileType = sourcecode.swift; path = Extension.swift; sourceTree = "<group>"; };
		FEF8E0ED1ECAAFA400422D73 /* RelativeTime.swift */ = {isa = PBXFileReference; fileEncoding = 4; lastKnownFileType = sourcecode.swift; path = RelativeTime.swift; sourceTree = "<group>"; };
		FEF8E0F51ECAB54700422D73 /* en */ = {isa = PBXFileReference; lastKnownFileType = text.plist.strings; name = en; path = en.lproj/Localizable.strings; sourceTree = "<group>"; };
		FEF8E0F71ECAB56300422D73 /* ja */ = {isa = PBXFileReference; lastKnownFileType = text.plist.strings; name = ja; path = ja.lproj/Localizable.strings; sourceTree = "<group>"; };
		FEF8E11E1ECAD71A00422D73 /* Playground.playground */ = {isa = PBXFileReference; lastKnownFileType = file.playground; path = Playground.playground; sourceTree = "<group>"; };
/* End PBXFileReference section */

/* Begin PBXFrameworksBuildPhase section */
		FEF8E0BE1ECAA8B700422D73 /* Frameworks */ = {
			isa = PBXFrameworksBuildPhase;
			buildActionMask = 2147483647;
			files = (
			);
			runOnlyForDeploymentPostprocessing = 0;
		};
		FEF8E0CC1ECAA8CB00422D73 /* Frameworks */ = {
			isa = PBXFrameworksBuildPhase;
			buildActionMask = 2147483647;
			files = (
				FEF8E0D41ECAA8CB00422D73 /* RelativeTime.framework in Frameworks */,
			);
			runOnlyForDeploymentPostprocessing = 0;
		};
/* End PBXFrameworksBuildPhase section */

/* Begin PBXGroup section */
		FEF8E0B61ECAA88300422D73 = {
			isa = PBXGroup;
			children = (
				FEF8E11E1ECAD71A00422D73 /* Playground.playground */,
				FEF8E0C41ECAA8B700422D73 /* Sources */,
				FEF8E0D01ECAA8CB00422D73 /* Tests */,
				FEF8E0C31ECAA8B700422D73 /* Products */,
			);
			sourceTree = "<group>";
		};
		FEF8E0C31ECAA8B700422D73 /* Products */ = {
			isa = PBXGroup;
			children = (
				FEF8E0C21ECAA8B700422D73 /* RelativeTime.framework */,
				FEF8E0CF1ECAA8CB00422D73 /* Tests.xctest */,
			);
			name = Products;
			sourceTree = "<group>";
		};
		FEF8E0C41ECAA8B700422D73 /* Sources */ = {
			isa = PBXGroup;
			children = (
				FEF8E0E91ECAAFA400422D73 /* RelativeTime */,
				FEF8E0C51ECAA8B700422D73 /* Sources.h */,
				FEF8E0C61ECAA8B700422D73 /* Info.plist */,
			);
			path = Sources;
			sourceTree = "<group>";
		};
		FEF8E0D01ECAA8CB00422D73 /* Tests */ = {
			isa = PBXGroup;
			children = (
				FEF8E0DC1ECAA9EE00422D73 /* RelativeTimeTests */,
				FEF8E0D31ECAA8CB00422D73 /* Info.plist */,
			);
			path = Tests;
			sourceTree = "<group>";
		};
		FEF8E0DC1ECAA9EE00422D73 /* RelativeTimeTests */ = {
			isa = PBXGroup;
			children = (
				FEF8E0E41ECAAD5E00422D73 /* Extension */,
				FEF8E0DD1ECAA9EE00422D73 /* RelativeTimeTests.swift */,
			);
			path = RelativeTimeTests;
			sourceTree = "<group>";
		};
		FEF8E0E41ECAAD5E00422D73 /* Extension */ = {
			isa = PBXGroup;
			children = (
				FEF8E0E51ECAAD7700422D73 /* DateExtensionTests.swift */,
			);
			path = Extension;
			sourceTree = "<group>";
		};
		FEF8E0E91ECAAFA400422D73 /* RelativeTime */ = {
			isa = PBXGroup;
			children = (
				FEF8E0F11ECAB4EC00422D73 /* Localizable */,
				FEF8E0EA1ECAAFA400422D73 /* Extension */,
				FEF8E0ED1ECAAFA400422D73 /* RelativeTime.swift */,
				FE99DF0A1ECB1F3400E8CA90 /* Preset.swift */,
				FE99DF0C1ECB1F7700E8CA90 /* Threshold.swift */,
				FE99DF0E1ECB1FB700E8CA90 /* Configuration.swift */,
				FE99DF101ECB1FE000E8CA90 /* RTBundle.swift */,
				FE99DF121ECB206F00E8CA90 /* Representation.swift */,
			);
			path = RelativeTime;
			sourceTree = "<group>";
		};
		FEF8E0EA1ECAAFA400422D73 /* Extension */ = {
			isa = PBXGroup;
			children = (
				FEF8E0EB1ECAAFA400422D73 /* Date.extension.swift */,
				FEF8E0EC1ECAAFA400422D73 /* Extension.swift */,
			);
			path = Extension;
			sourceTree = "<group>";
		};
		FEF8E0F11ECAB4EC00422D73 /* Localizable */ = {
			isa = PBXGroup;
			children = (
				FEF8E0F61ECAB54700422D73 /* Localizable.strings */,
			);
			path = Localizable;
			sourceTree = "<group>";
		};
/* End PBXGroup section */

/* Begin PBXHeadersBuildPhase section */
		FEF8E0BF1ECAA8B700422D73 /* Headers */ = {
			isa = PBXHeadersBuildPhase;
			buildActionMask = 2147483647;
			files = (
				FEF8E0C71ECAA8B700422D73 /* Sources.h in Headers */,
			);
			runOnlyForDeploymentPostprocessing = 0;
		};
/* End PBXHeadersBuildPhase section */

/* Begin PBXNativeTarget section */
		FEF8E0C11ECAA8B700422D73 /* RelativeTime */ = {
			isa = PBXNativeTarget;
			buildConfigurationList = FEF8E0C81ECAA8B700422D73 /* Build configuration list for PBXNativeTarget "RelativeTime" */;
			buildPhases = (
				FEF8E0BD1ECAA8B700422D73 /* Sources */,
				FEF8E0BE1ECAA8B700422D73 /* Frameworks */,
				FEF8E0BF1ECAA8B700422D73 /* Headers */,
				FEF8E0C01ECAA8B700422D73 /* Resources */,
			);
			buildRules = (
			);
			dependencies = (
			);
			name = RelativeTime;
			productName = Sources;
			productReference = FEF8E0C21ECAA8B700422D73 /* RelativeTime.framework */;
			productType = "com.apple.product-type.framework";
		};
		FEF8E0CE1ECAA8CB00422D73 /* Tests */ = {
			isa = PBXNativeTarget;
			buildConfigurationList = FEF8E0D71ECAA8CB00422D73 /* Build configuration list for PBXNativeTarget "Tests" */;
			buildPhases = (
				FEF8E0CB1ECAA8CB00422D73 /* Sources */,
				FEF8E0CC1ECAA8CB00422D73 /* Frameworks */,
				FEF8E0CD1ECAA8CB00422D73 /* Resources */,
			);
			buildRules = (
			);
			dependencies = (
				FEF8E0D61ECAA8CB00422D73 /* PBXTargetDependency */,
			);
			name = Tests;
			productName = Tests;
			productReference = FEF8E0CF1ECAA8CB00422D73 /* Tests.xctest */;
			productType = "com.apple.product-type.bundle.unit-test";
		};
/* End PBXNativeTarget section */

/* Begin PBXProject section */
		FEF8E0B71ECAA88300422D73 /* Project object */ = {
			isa = PBXProject;
			attributes = {
				LastSwiftUpdateCheck = 0830;
				LastUpgradeCheck = 0830;
				TargetAttributes = {
					FEF8E0C11ECAA8B700422D73 = {
						CreatedOnToolsVersion = 8.3.2;
						LastSwiftMigration = 0830;
						ProvisioningStyle = Automatic;
					};
					FEF8E0CE1ECAA8CB00422D73 = {
						CreatedOnToolsVersion = 8.3.2;
						ProvisioningStyle = Automatic;
					};
				};
			};
			buildConfigurationList = FEF8E0BA1ECAA88300422D73 /* Build configuration list for PBXProject "RelativeTime" */;
			compatibilityVersion = "Xcode 3.2";
			developmentRegion = English;
			hasScannedForEncodings = 0;
			knownRegions = (
				en,
				ja,
			);
			mainGroup = FEF8E0B61ECAA88300422D73;
			productRefGroup = FEF8E0C31ECAA8B700422D73 /* Products */;
			projectDirPath = "";
			projectRoot = "";
			targets = (
				FEF8E0C11ECAA8B700422D73 /* RelativeTime */,
				FEF8E0CE1ECAA8CB00422D73 /* Tests */,
			);
		};
/* End PBXProject section */

/* Begin PBXResourcesBuildPhase section */
		FEF8E0C01ECAA8B700422D73 /* Resources */ = {
			isa = PBXResourcesBuildPhase;
			buildActionMask = 2147483647;
			files = (
				FEF8E0F41ECAB54700422D73 /* Localizable.strings in Resources */,
			);
			runOnlyForDeploymentPostprocessing = 0;
		};
		FEF8E0CD1ECAA8CB00422D73 /* Resources */ = {
			isa = PBXResourcesBuildPhase;
			buildActionMask = 2147483647;
			files = (
			);
			runOnlyForDeploymentPostprocessing = 0;
		};
/* End PBXResourcesBuildPhase section */

/* Begin PBXSourcesBuildPhase section */
		FEF8E0BD1ECAA8B700422D73 /* Sources */ = {
			isa = PBXSourcesBuildPhase;
			buildActionMask = 2147483647;
			files = (
				FE99DF0F1ECB1FB700E8CA90 /* Configuration.swift in Sources */,
				FE99DF0D1ECB1F7700E8CA90 /* Threshold.swift in Sources */,
				FE99DF131ECB206F00E8CA90 /* Representation.swift in Sources */,
				FEF8E0EE1ECAAFA400422D73 /* Date.extension.swift in Sources */,
				FEF8E0EF1ECAAFA400422D73 /* Extension.swift in Sources */,
				FE99DF0B1ECB1F3400E8CA90 /* Preset.swift in Sources */,
				FEF8E0F01ECAAFA400422D73 /* RelativeTime.swift in Sources */,
				FE99DF111ECB1FE000E8CA90 /* RTBundle.swift in Sources */,
			);
			runOnlyForDeploymentPostprocessing = 0;
		};
		FEF8E0CB1ECAA8CB00422D73 /* Sources */ = {
			isa = PBXSourcesBuildPhase;
			buildActionMask = 2147483647;
			files = (
				FEF8E0DE1ECAA9EE00422D73 /* RelativeTimeTests.swift in Sources */,
				FEF8E0E71ECAADBD00422D73 /* DateExtensionTests.swift in Sources */,
			);
			runOnlyForDeploymentPostprocessing = 0;
		};
/* End PBXSourcesBuildPhase section */

/* Begin PBXTargetDependency section */
		FEF8E0D61ECAA8CB00422D73 /* PBXTargetDependency */ = {
			isa = PBXTargetDependency;
			target = FEF8E0C11ECAA8B700422D73 /* RelativeTime */;
			targetProxy = FEF8E0D51ECAA8CB00422D73 /* PBXContainerItemProxy */;
		};
/* End PBXTargetDependency section */

/* Begin PBXVariantGroup section */
		FEF8E0F61ECAB54700422D73 /* Localizable.strings */ = {
			isa = PBXVariantGroup;
			children = (
				FEF8E0F51ECAB54700422D73 /* en */,
				FEF8E0F71ECAB56300422D73 /* ja */,
			);
			name = Localizable.strings;
			sourceTree = "<group>";
		};
/* End PBXVariantGroup section */

/* Begin XCBuildConfiguration section */
		FEF8E0BB1ECAA88300422D73 /* Debug */ = {
			isa = XCBuildConfiguration;
			buildSettings = {
				CLANG_ANALYZER_LOCALIZABILITY_NONLOCALIZED = YES;
				IPHONEOS_DEPLOYMENT_TARGET = 8.0;
				MACOSX_DEPLOYMENT_TARGET = 10.10;
				SUPPORTED_PLATFORMS = "macosx watchsimulator watchos appletvsimulator appletvos iphonesimulator iphoneos";
				TVOS_DEPLOYMENT_TARGET = 9.0;
				WATCHOS_DEPLOYMENT_TARGET = 2.0;
			};
			name = Debug;
		};
		FEF8E0BC1ECAA88300422D73 /* Release */ = {
			isa = XCBuildConfiguration;
			buildSettings = {
				CLANG_ANALYZER_LOCALIZABILITY_NONLOCALIZED = YES;
				IPHONEOS_DEPLOYMENT_TARGET = 8.0;
				MACOSX_DEPLOYMENT_TARGET = 10.10;
				SUPPORTED_PLATFORMS = "macosx watchsimulator watchos appletvsimulator appletvos iphonesimulator iphoneos";
				TVOS_DEPLOYMENT_TARGET = 9.0;
				WATCHOS_DEPLOYMENT_TARGET = 2.0;
			};
			name = Release;
		};
		FEF8E0C91ECAA8B700422D73 /* Debug */ = {
			isa = XCBuildConfiguration;
			buildSettings = {
				ALWAYS_SEARCH_USER_PATHS = NO;
				CLANG_ANALYZER_NONNULL = YES;
				CLANG_ANALYZER_NUMBER_OBJECT_CONVERSION = YES_AGGRESSIVE;
				CLANG_CXX_LANGUAGE_STANDARD = "gnu++0x";
				CLANG_CXX_LIBRARY = "libc++";
				CLANG_ENABLE_MODULES = YES;
				CLANG_ENABLE_OBJC_ARC = YES;
				CLANG_WARN_BOOL_CONVERSION = YES;
				CLANG_WARN_CONSTANT_CONVERSION = YES;
				CLANG_WARN_DIRECT_OBJC_ISA_USAGE = YES_ERROR;
				CLANG_WARN_DOCUMENTATION_COMMENTS = YES;
				CLANG_WARN_EMPTY_BODY = YES;
				CLANG_WARN_ENUM_CONVERSION = YES;
				CLANG_WARN_INFINITE_RECURSION = YES;
				CLANG_WARN_INT_CONVERSION = YES;
				CLANG_WARN_OBJC_ROOT_CLASS = YES_ERROR;
				CLANG_WARN_SUSPICIOUS_MOVE = YES;
				CLANG_WARN_UNREACHABLE_CODE = YES;
				CLANG_WARN__DUPLICATE_METHOD_MATCH = YES;
				CODE_SIGN_IDENTITY = "-";
				COMBINE_HIDPI_IMAGES = YES;
				COPY_PHASE_STRIP = NO;
				CURRENT_PROJECT_VERSION = 1;
				DEBUG_INFORMATION_FORMAT = dwarf;
				DEFINES_MODULE = YES;
				DYLIB_COMPATIBILITY_VERSION = 1;
				DYLIB_CURRENT_VERSION = 1;
				DYLIB_INSTALL_NAME_BASE = "@rpath";
				ENABLE_STRICT_OBJC_MSGSEND = YES;
				ENABLE_TESTABILITY = YES;
				FRAMEWORK_VERSION = A;
				GCC_C_LANGUAGE_STANDARD = gnu99;
				GCC_DYNAMIC_NO_PIC = NO;
				GCC_NO_COMMON_BLOCKS = YES;
				GCC_OPTIMIZATION_LEVEL = 0;
				GCC_PREPROCESSOR_DEFINITIONS = (
					"DEBUG=1",
					"$(inherited)",
				);
				GCC_WARN_64_TO_32_BIT_CONVERSION = YES;
				GCC_WARN_ABOUT_RETURN_TYPE = YES_ERROR;
				GCC_WARN_UNDECLARED_SELECTOR = YES;
				GCC_WARN_UNINITIALIZED_AUTOS = YES_AGGRESSIVE;
				GCC_WARN_UNUSED_FUNCTION = YES;
				GCC_WARN_UNUSED_VARIABLE = YES;
				INFOPLIST_FILE = Sources/Info.plist;
				INSTALL_PATH = "$(LOCAL_LIBRARY_DIR)/Frameworks";
				LD_RUNPATH_SEARCH_PATHS = "$(inherited) @executable_path/../Frameworks @loader_path/Frameworks";
				MTL_ENABLE_DEBUG_INFO = YES;
				ONLY_ACTIVE_ARCH = YES;
				PRODUCT_BUNDLE_IDENTIFIER = com.mono0926.Sources;
				PRODUCT_NAME = "$(TARGET_NAME)";
				SDKROOT = macosx;
				SKIP_INSTALL = YES;
				SWIFT_ACTIVE_COMPILATION_CONDITIONS = DEBUG;
				SWIFT_OPTIMIZATION_LEVEL = "-Onone";
				SWIFT_VERSION = 3.0;
				VERSIONING_SYSTEM = "apple-generic";
				VERSION_INFO_PREFIX = "";
			};
			name = Debug;
		};
		FEF8E0CA1ECAA8B700422D73 /* Release */ = {
			isa = XCBuildConfiguration;
			buildSettings = {
				ALWAYS_SEARCH_USER_PATHS = NO;
				CLANG_ANALYZER_NONNULL = YES;
				CLANG_ANALYZER_NUMBER_OBJECT_CONVERSION = YES_AGGRESSIVE;
				CLANG_CXX_LANGUAGE_STANDARD = "gnu++0x";
				CLANG_CXX_LIBRARY = "libc++";
				CLANG_ENABLE_MODULES = YES;
				CLANG_ENABLE_OBJC_ARC = YES;
				CLANG_WARN_BOOL_CONVERSION = YES;
				CLANG_WARN_CONSTANT_CONVERSION = YES;
				CLANG_WARN_DIRECT_OBJC_ISA_USAGE = YES_ERROR;
				CLANG_WARN_DOCUMENTATION_COMMENTS = YES;
				CLANG_WARN_EMPTY_BODY = YES;
				CLANG_WARN_ENUM_CONVERSION = YES;
				CLANG_WARN_INFINITE_RECURSION = YES;
				CLANG_WARN_INT_CONVERSION = YES;
				CLANG_WARN_OBJC_ROOT_CLASS = YES_ERROR;
				CLANG_WARN_SUSPICIOUS_MOVE = YES;
				CLANG_WARN_UNREACHABLE_CODE = YES;
				CLANG_WARN__DUPLICATE_METHOD_MATCH = YES;
				CODE_SIGN_IDENTITY = "-";
				COMBINE_HIDPI_IMAGES = YES;
				COPY_PHASE_STRIP = NO;
				CURRENT_PROJECT_VERSION = 1;
				DEBUG_INFORMATION_FORMAT = "dwarf-with-dsym";
				DEFINES_MODULE = YES;
				DYLIB_COMPATIBILITY_VERSION = 1;
				DYLIB_CURRENT_VERSION = 1;
				DYLIB_INSTALL_NAME_BASE = "@rpath";
				ENABLE_NS_ASSERTIONS = NO;
				ENABLE_STRICT_OBJC_MSGSEND = YES;
				FRAMEWORK_VERSION = A;
				GCC_C_LANGUAGE_STANDARD = gnu99;
				GCC_NO_COMMON_BLOCKS = YES;
				GCC_WARN_64_TO_32_BIT_CONVERSION = YES;
				GCC_WARN_ABOUT_RETURN_TYPE = YES_ERROR;
				GCC_WARN_UNDECLARED_SELECTOR = YES;
				GCC_WARN_UNINITIALIZED_AUTOS = YES_AGGRESSIVE;
				GCC_WARN_UNUSED_FUNCTION = YES;
				GCC_WARN_UNUSED_VARIABLE = YES;
				INFOPLIST_FILE = Sources/Info.plist;
				INSTALL_PATH = "$(LOCAL_LIBRARY_DIR)/Frameworks";
				LD_RUNPATH_SEARCH_PATHS = "$(inherited) @executable_path/../Frameworks @loader_path/Frameworks";
				MTL_ENABLE_DEBUG_INFO = NO;
				PRODUCT_BUNDLE_IDENTIFIER = com.mono0926.Sources;
				PRODUCT_NAME = "$(TARGET_NAME)";
				SDKROOT = macosx;
				SKIP_INSTALL = YES;
				SWIFT_OPTIMIZATION_LEVEL = "-Owholemodule";
				SWIFT_VERSION = 3.0;
				VERSIONING_SYSTEM = "apple-generic";
				VERSION_INFO_PREFIX = "";
			};
			name = Release;
		};
		FEF8E0D81ECAA8CB00422D73 /* Debug */ = {
			isa = XCBuildConfiguration;
			buildSettings = {
				ALWAYS_EMBED_SWIFT_STANDARD_LIBRARIES = YES;
				ALWAYS_SEARCH_USER_PATHS = NO;
				CLANG_ANALYZER_NONNULL = YES;
				CLANG_ANALYZER_NUMBER_OBJECT_CONVERSION = YES_AGGRESSIVE;
				CLANG_CXX_LANGUAGE_STANDARD = "gnu++0x";
				CLANG_CXX_LIBRARY = "libc++";
				CLANG_ENABLE_MODULES = YES;
				CLANG_ENABLE_OBJC_ARC = YES;
				CLANG_WARN_BOOL_CONVERSION = YES;
				CLANG_WARN_CONSTANT_CONVERSION = YES;
				CLANG_WARN_DIRECT_OBJC_ISA_USAGE = YES_ERROR;
				CLANG_WARN_DOCUMENTATION_COMMENTS = YES;
				CLANG_WARN_EMPTY_BODY = YES;
				CLANG_WARN_ENUM_CONVERSION = YES;
				CLANG_WARN_INFINITE_RECURSION = YES;
				CLANG_WARN_INT_CONVERSION = YES;
				CLANG_WARN_OBJC_ROOT_CLASS = YES_ERROR;
				CLANG_WARN_SUSPICIOUS_MOVE = YES;
				CLANG_WARN_UNREACHABLE_CODE = YES;
				CLANG_WARN__DUPLICATE_METHOD_MATCH = YES;
				CODE_SIGN_IDENTITY = "-";
				COMBINE_HIDPI_IMAGES = YES;
				COPY_PHASE_STRIP = NO;
				DEBUG_INFORMATION_FORMAT = dwarf;
				ENABLE_STRICT_OBJC_MSGSEND = YES;
				ENABLE_TESTABILITY = YES;
				GCC_C_LANGUAGE_STANDARD = gnu99;
				GCC_DYNAMIC_NO_PIC = NO;
				GCC_NO_COMMON_BLOCKS = YES;
				GCC_OPTIMIZATION_LEVEL = 0;
				GCC_PREPROCESSOR_DEFINITIONS = (
					"DEBUG=1",
					"$(inherited)",
				);
				GCC_WARN_64_TO_32_BIT_CONVERSION = YES;
				GCC_WARN_ABOUT_RETURN_TYPE = YES_ERROR;
				GCC_WARN_UNDECLARED_SELECTOR = YES;
				GCC_WARN_UNINITIALIZED_AUTOS = YES_AGGRESSIVE;
				GCC_WARN_UNUSED_FUNCTION = YES;
				GCC_WARN_UNUSED_VARIABLE = YES;
				INFOPLIST_FILE = Tests/Info.plist;
				LD_RUNPATH_SEARCH_PATHS = "$(inherited) @executable_path/../Frameworks @loader_path/../Frameworks";
				MACOSX_DEPLOYMENT_TARGET = 10.12;
				MTL_ENABLE_DEBUG_INFO = YES;
				ONLY_ACTIVE_ARCH = YES;
				PRODUCT_BUNDLE_IDENTIFIER = com.mono0926.Tests;
				PRODUCT_NAME = "$(TARGET_NAME)";
				SDKROOT = macosx;
				SWIFT_ACTIVE_COMPILATION_CONDITIONS = DEBUG;
				SWIFT_OPTIMIZATION_LEVEL = "-Onone";
				SWIFT_VERSION = 3.0;
			};
			name = Debug;
		};
		FEF8E0D91ECAA8CB00422D73 /* Release */ = {
			isa = XCBuildConfiguration;
			buildSettings = {
				ALWAYS_EMBED_SWIFT_STANDARD_LIBRARIES = YES;
				ALWAYS_SEARCH_USER_PATHS = NO;
				CLANG_ANALYZER_NONNULL = YES;
				CLANG_ANALYZER_NUMBER_OBJECT_CONVERSION = YES_AGGRESSIVE;
				CLANG_CXX_LANGUAGE_STANDARD = "gnu++0x";
				CLANG_CXX_LIBRARY = "libc++";
				CLANG_ENABLE_MODULES = YES;
				CLANG_ENABLE_OBJC_ARC = YES;
				CLANG_WARN_BOOL_CONVERSION = YES;
				CLANG_WARN_CONSTANT_CONVERSION = YES;
				CLANG_WARN_DIRECT_OBJC_ISA_USAGE = YES_ERROR;
				CLANG_WARN_DOCUMENTATION_COMMENTS = YES;
				CLANG_WARN_EMPTY_BODY = YES;
				CLANG_WARN_ENUM_CONVERSION = YES;
				CLANG_WARN_INFINITE_RECURSION = YES;
				CLANG_WARN_INT_CONVERSION = YES;
				CLANG_WARN_OBJC_ROOT_CLASS = YES_ERROR;
				CLANG_WARN_SUSPICIOUS_MOVE = YES;
				CLANG_WARN_UNREACHABLE_CODE = YES;
				CLANG_WARN__DUPLICATE_METHOD_MATCH = YES;
				CODE_SIGN_IDENTITY = "-";
				COMBINE_HIDPI_IMAGES = YES;
				COPY_PHASE_STRIP = NO;
				DEBUG_INFORMATION_FORMAT = "dwarf-with-dsym";
				ENABLE_NS_ASSERTIONS = NO;
				ENABLE_STRICT_OBJC_MSGSEND = YES;
				GCC_C_LANGUAGE_STANDARD = gnu99;
				GCC_NO_COMMON_BLOCKS = YES;
				GCC_WARN_64_TO_32_BIT_CONVERSION = YES;
				GCC_WARN_ABOUT_RETURN_TYPE = YES_ERROR;
				GCC_WARN_UNDECLARED_SELECTOR = YES;
				GCC_WARN_UNINITIALIZED_AUTOS = YES_AGGRESSIVE;
				GCC_WARN_UNUSED_FUNCTION = YES;
				GCC_WARN_UNUSED_VARIABLE = YES;
				INFOPLIST_FILE = Tests/Info.plist;
				LD_RUNPATH_SEARCH_PATHS = "$(inherited) @executable_path/../Frameworks @loader_path/../Frameworks";
				MACOSX_DEPLOYMENT_TARGET = 10.12;
				MTL_ENABLE_DEBUG_INFO = NO;
				PRODUCT_BUNDLE_IDENTIFIER = com.mono0926.Tests;
				PRODUCT_NAME = "$(TARGET_NAME)";
				SDKROOT = macosx;
				SWIFT_OPTIMIZATION_LEVEL = "-Owholemodule";
				SWIFT_VERSION = 3.0;
			};
			name = Release;
		};
/* End XCBuildConfiguration section */

/* Begin XCConfigurationList section */
		FEF8E0BA1ECAA88300422D73 /* Build configuration list for PBXProject "RelativeTime" */ = {
			isa = XCConfigurationList;
			buildConfigurations = (
				FEF8E0BB1ECAA88300422D73 /* Debug */,
				FEF8E0BC1ECAA88300422D73 /* Release */,
			);
			defaultConfigurationIsVisible = 0;
			defaultConfigurationName = Release;
		};
		FEF8E0C81ECAA8B700422D73 /* Build configuration list for PBXNativeTarget "RelativeTime" */ = {
			isa = XCConfigurationList;
			buildConfigurations = (
				FEF8E0C91ECAA8B700422D73 /* Debug */,
				FEF8E0CA1ECAA8B700422D73 /* Release */,
			);
			defaultConfigurationIsVisible = 0;
			defaultConfigurationName = Release;
		};
		FEF8E0D71ECAA8CB00422D73 /* Build configuration list for PBXNativeTarget "Tests" */ = {
			isa = XCConfigurationList;
			buildConfigurations = (
				FEF8E0D81ECAA8CB00422D73 /* Debug */,
				FEF8E0D91ECAA8CB00422D73 /* Release */,
			);
			defaultConfigurationIsVisible = 0;
			defaultConfigurationName = Release;
		};
/* End XCConfigurationList section */
	};
	rootObject = FEF8E0B71ECAA88300422D73 /* Project object */;
}
